// !$*UTF8*$!
{
	archiveVersion = 1;
	classes = {
	};
	objectVersion = 46;
	objects = {

/* Begin PBXBuildFile section */
		480AC4781F2B1288001524B6 /* YSFPSStatus.swift in Sources */ = {isa = PBXBuildFile; fileRef = 480AC4771F2B1288001524B6 /* YSFPSStatus.swift */; };
		480AC47A1F2B1293001524B6 /* HairLineConstraint.swift in Sources */ = {isa = PBXBuildFile; fileRef = 480AC4791F2B1293001524B6 /* HairLineConstraint.swift */; };
		480AC4821F2B12BA001524B6 /* DispatchQueue+ysAdd.swift in Sources */ = {isa = PBXBuildFile; fileRef = 480AC47C1F2B12BA001524B6 /* DispatchQueue+ysAdd.swift */; };
		480AC4831F2B12BA001524B6 /* UIColor+ysAdd.swift in Sources */ = {isa = PBXBuildFile; fileRef = 480AC47D1F2B12BA001524B6 /* UIColor+ysAdd.swift */; };
		480AC4841F2B12BA001524B6 /* UIImage+ysAdd.swift in Sources */ = {isa = PBXBuildFile; fileRef = 480AC47E1F2B12BA001524B6 /* UIImage+ysAdd.swift */; };
		480AC4851F2B12BA001524B6 /* UITableViewCell+instanceMethod.swift in Sources */ = {isa = PBXBuildFile; fileRef = 480AC47F1F2B12BA001524B6 /* UITableViewCell+instanceMethod.swift */; };
		480AC4861F2B12BA001524B6 /* UIView+captureImage.swift in Sources */ = {isa = PBXBuildFile; fileRef = 480AC4801F2B12BA001524B6 /* UIView+captureImage.swift */; };
		480AC4871F2B12BA001524B6 /* UIView+frameAdd.swift in Sources */ = {isa = PBXBuildFile; fileRef = 480AC4811F2B12BA001524B6 /* UIView+frameAdd.swift */; };
		480AC48B1F2B13A6001524B6 /* YSMainTabBarController.swift in Sources */ = {isa = PBXBuildFile; fileRef = 480AC48A1F2B13A6001524B6 /* YSMainTabBarController.swift */; };
		480AC49B1F2B2B79001524B6 /* Configs.swift in Sources */ = {isa = PBXBuildFile; fileRef = 480AC49A1F2B2B79001524B6 /* Configs.swift */; };
		480AC49D1F2B2C30001524B6 /* YSMainNavigationController.swift in Sources */ = {isa = PBXBuildFile; fileRef = 480AC49C1F2B2C30001524B6 /* YSMainNavigationController.swift */; };
		480AC4A01F2B2E3C001524B6 /* bilibili_splash_default@3x.png in Resources */ = {isa = PBXBuildFile; fileRef = 480AC49F1F2B2E3C001524B6 /* bilibili_splash_default@3x.png */; };
		480AC4A21F2B2E44001524B6 /* bilibili_splash_iphone_bg@3x.png in Resources */ = {isa = PBXBuildFile; fileRef = 480AC4A11F2B2E44001524B6 /* bilibili_splash_iphone_bg@3x.png */; };
		480AC4A51F2B3179001524B6 /* YSBaseViewController.swift in Sources */ = {isa = PBXBuildFile; fileRef = 480AC4A41F2B3179001524B6 /* YSBaseViewController.swift */; };
		480AC4A91F2B32A4001524B6 /* YSMineViewController.swift in Sources */ = {isa = PBXBuildFile; fileRef = 480AC4A81F2B32A4001524B6 /* YSMineViewController.swift */; };
		480AC4AB1F2B32C4001524B6 /* YSMineViewModel.swift in Sources */ = {isa = PBXBuildFile; fileRef = 480AC4AA1F2B32C4001524B6 /* YSMineViewModel.swift */; };
		48175E0F1F2B0C29005A00F1 /* AppDelegate.swift in Sources */ = {isa = PBXBuildFile; fileRef = 48175E0E1F2B0C29005A00F1 /* AppDelegate.swift */; };
		48175E141F2B0C29005A00F1 /* Main.storyboard in Resources */ = {isa = PBXBuildFile; fileRef = 48175E121F2B0C29005A00F1 /* Main.storyboard */; };
		48175E161F2B0C29005A00F1 /* Assets.xcassets in Resources */ = {isa = PBXBuildFile; fileRef = 48175E151F2B0C29005A00F1 /* Assets.xcassets */; };
		48175E191F2B0C29005A00F1 /* LaunchScreen.storyboard in Resources */ = {isa = PBXBuildFile; fileRef = 48175E171F2B0C29005A00F1 /* LaunchScreen.storyboard */; };
		481E9EF41F34642A00C4DBE4 /* YSZoneItemHeader.swift in Sources */ = {isa = PBXBuildFile; fileRef = 481E9EF31F34642A00C4DBE4 /* YSZoneItemHeader.swift */; };
		481E9EF61F3465E900C4DBE4 /* YSZoneItemViewModel.swift in Sources */ = {isa = PBXBuildFile; fileRef = 481E9EF51F3465E900C4DBE4 /* YSZoneItemViewModel.swift */; };
		481E9EFA1F3466AF00C4DBE4 /* YSRecommendModel.swift in Sources */ = {isa = PBXBuildFile; fileRef = 481E9EF91F3466AF00C4DBE4 /* YSRecommendModel.swift */; };
		481E9EFD1F3470CE00C4DBE4 /* YSGifHeader.swift in Sources */ = {isa = PBXBuildFile; fileRef = 481E9EFC1F3470CE00C4DBE4 /* YSGifHeader.swift */; };
		482A18EA1F3169DB000301F8 /* YSZoneItemViewController.swift in Sources */ = {isa = PBXBuildFile; fileRef = 482A18E91F3169DB000301F8 /* YSZoneItemViewController.swift */; };
		482C56C21F2ECF3C00225D39 /* YSDynamicViewController.swift in Sources */ = {isa = PBXBuildFile; fileRef = 482C56C11F2ECF3C00225D39 /* YSDynamicViewController.swift */; };
		482C56C91F2EF78F00225D39 /* YSZoneViewController.swift in Sources */ = {isa = PBXBuildFile; fileRef = 482C56C81F2EF78F00225D39 /* YSZoneViewController.swift */; };
		482C56CC1F2EF81700225D39 /* YSNavigationBar.swift in Sources */ = {isa = PBXBuildFile; fileRef = 482C56CB1F2EF81700225D39 /* YSNavigationBar.swift */; };
		482C56CE1F2EF94100225D39 /* YSZoneViewModel.swift in Sources */ = {isa = PBXBuildFile; fileRef = 482C56CD1F2EF94100225D39 /* YSZoneViewModel.swift */; };
		482C56D01F2EFA9100225D39 /* YSZoneModel.swift in Sources */ = {isa = PBXBuildFile; fileRef = 482C56CF1F2EFA9100225D39 /* YSZoneModel.swift */; };
		482C56D81F2EFDB900225D39 /* YSZoneCell.swift in Sources */ = {isa = PBXBuildFile; fileRef = 482C56D71F2EFDB900225D39 /* YSZoneCell.swift */; };
		482C56DA1F2EFE3400225D39 /* YSNetworkTool.swift in Sources */ = {isa = PBXBuildFile; fileRef = 482C56D91F2EFE3400225D39 /* YSNetworkTool.swift */; };
		482C56DC1F2F009200225D39 /* YSJsonHelper.swift in Sources */ = {isa = PBXBuildFile; fileRef = 482C56DB1F2F009200225D39 /* YSJsonHelper.swift */; };
		482C56DE1F2F13E300225D39 /* YSZoneDetailViewController.swift in Sources */ = {isa = PBXBuildFile; fileRef = 482C56DD1F2F13E300225D39 /* YSZoneDetailViewController.swift */; };
		4830D4851F305963001E427B /* SlideMenu.swift in Sources */ = {isa = PBXBuildFile; fileRef = 4830D4841F305963001E427B /* SlideMenu.swift */; };
		4830D4871F306D2A001E427B /* UIGestureRecognizer+ysAdd.swift in Sources */ = {isa = PBXBuildFile; fileRef = 4830D4861F306D2A001E427B /* UIGestureRecognizer+ysAdd.swift */; };
		4830D48A1F306FD8001E427B /* String+ysAdd.swift in Sources */ = {isa = PBXBuildFile; fileRef = 4830D4891F306FD8001E427B /* String+ysAdd.swift */; };
		48F6512E1F359F1C008F8212 /* YSPlayerRelatesCell.swift in Sources */ = {isa = PBXBuildFile; fileRef = 48F6512C1F359F1C008F8212 /* YSPlayerRelatesCell.swift */; };
		48F6512F1F359F1C008F8212 /* YSPlayerRelatesCell.xib in Resources */ = {isa = PBXBuildFile; fileRef = 48F6512D1F359F1C008F8212 /* YSPlayerRelatesCell.xib */; };
		48F651311F35A01B008F8212 /* YSBaseLineCell.swift in Sources */ = {isa = PBXBuildFile; fileRef = 48F651301F35A01B008F8212 /* YSBaseLineCell.swift */; };
		48F651351F35A0A9008F8212 /* YSPlayDetailModel.swift in Sources */ = {isa = PBXBuildFile; fileRef = 48F651341F35A0A9008F8212 /* YSPlayDetailModel.swift */; };
		48F651371F35A191008F8212 /* UIimageView+gifAdd.swift in Sources */ = {isa = PBXBuildFile; fileRef = 48F651361F35A191008F8212 /* UIimageView+gifAdd.swift */; };
		48F651391F35A1F3008F8212 /* YSHairLineConstraint.swift in Sources */ = {isa = PBXBuildFile; fileRef = 48F651381F35A1F3008F8212 /* YSHairLineConstraint.swift */; };
		48F6513B1F35A312008F8212 /* Int+coutdealAdd.swift in Sources */ = {isa = PBXBuildFile; fileRef = 48F6513A1F35A312008F8212 /* Int+coutdealAdd.swift */; };
		48F6513D1F35C0BF008F8212 /* Double+dateAdd.swift in Sources */ = {isa = PBXBuildFile; fileRef = 48F6513C1F35C0BF008F8212 /* Double+dateAdd.swift */; };
		48F6513F1F35C0F4008F8212 /* Date+timeBucket.swift in Sources */ = {isa = PBXBuildFile; fileRef = 48F6513E1F35C0F4008F8212 /* Date+timeBucket.swift */; };
		48F651411F35C11C008F8212 /* Int+seasonAdd.swift in Sources */ = {isa = PBXBuildFile; fileRef = 48F651401F35C11C008F8212 /* Int+seasonAdd.swift */; };
		48F651431F35C13B008F8212 /* Int+levelColorAdd.swift in Sources */ = {isa = PBXBuildFile; fileRef = 48F651421F35C13B008F8212 /* Int+levelColorAdd.swift */; };
		48F651451F35C18A008F8212 /* UILabel+lastLineAdd.swift in Sources */ = {isa = PBXBuildFile; fileRef = 48F651441F35C18A008F8212 /* UILabel+lastLineAdd.swift */; };
		48F651481F35C229008F8212 /* SwiftTimer.swift in Sources */ = {isa = PBXBuildFile; fileRef = 48F651471F35C229008F8212 /* SwiftTimer.swift */; };
		48F6514A1F35C5A1008F8212 /* YSNotificationHelper.swift in Sources */ = {isa = PBXBuildFile; fileRef = 48F651491F35C5A1008F8212 /* YSNotificationHelper.swift */; };
		48F6515B1F35C844008F8212 /* YSBangumiModel.swift in Sources */ = {isa = PBXBuildFile; fileRef = 48F6515A1F35C844008F8212 /* YSBangumiModel.swift */; };
		48F6515E1F35C984008F8212 /* YSBilibiliWebViewController.swift in Sources */ = {isa = PBXBuildFile; fileRef = 48F6515D1F35C984008F8212 /* YSBilibiliWebViewController.swift */; };
		48F651601F35CA03008F8212 /* YSHomeViewController.swift in Sources */ = {isa = PBXBuildFile; fileRef = 48F6515F1F35CA03008F8212 /* YSHomeViewController.swift */; };
		5937379367D709AC0248AA28 /* Pods_ysbilibili.framework in Frameworks */ = {isa = PBXBuildFile; fileRef = 0D14DC222EBC77973F8EFED8 /* Pods_ysbilibili.framework */; };
/* End PBXBuildFile section */

/* Begin PBXFileReference section */
		0D14DC222EBC77973F8EFED8 /* Pods_ysbilibili.framework */ = {isa = PBXFileReference; explicitFileType = wrapper.framework; includeInIndex = 0; path = Pods_ysbilibili.framework; sourceTree = BUILT_PRODUCTS_DIR; };
		182094C9B13A576FC7BE7458 /* Pods-ysbilibili.release.xcconfig */ = {isa = PBXFileReference; includeInIndex = 1; lastKnownFileType = text.xcconfig; name = "Pods-ysbilibili.release.xcconfig"; path = "Pods/Target Support Files/Pods-ysbilibili/Pods-ysbilibili.release.xcconfig"; sourceTree = "<group>"; };
		480AC4771F2B1288001524B6 /* YSFPSStatus.swift */ = {isa = PBXFileReference; fileEncoding = 4; lastKnownFileType = sourcecode.swift; path = YSFPSStatus.swift; sourceTree = "<group>"; };
		480AC4791F2B1293001524B6 /* HairLineConstraint.swift */ = {isa = PBXFileReference; fileEncoding = 4; lastKnownFileType = sourcecode.swift; path = HairLineConstraint.swift; sourceTree = "<group>"; };
		480AC47C1F2B12BA001524B6 /* DispatchQueue+ysAdd.swift */ = {isa = PBXFileReference; fileEncoding = 4; lastKnownFileType = sourcecode.swift; path = "DispatchQueue+ysAdd.swift"; sourceTree = "<group>"; };
		480AC47D1F2B12BA001524B6 /* UIColor+ysAdd.swift */ = {isa = PBXFileReference; fileEncoding = 4; lastKnownFileType = sourcecode.swift; path = "UIColor+ysAdd.swift"; sourceTree = "<group>"; };
		480AC47E1F2B12BA001524B6 /* UIImage+ysAdd.swift */ = {isa = PBXFileReference; fileEncoding = 4; lastKnownFileType = sourcecode.swift; path = "UIImage+ysAdd.swift"; sourceTree = "<group>"; };
		480AC47F1F2B12BA001524B6 /* UITableViewCell+instanceMethod.swift */ = {isa = PBXFileReference; fileEncoding = 4; lastKnownFileType = sourcecode.swift; path = "UITableViewCell+instanceMethod.swift"; sourceTree = "<group>"; };
		480AC4801F2B12BA001524B6 /* UIView+captureImage.swift */ = {isa = PBXFileReference; fileEncoding = 4; lastKnownFileType = sourcecode.swift; path = "UIView+captureImage.swift"; sourceTree = "<group>"; };
		480AC4811F2B12BA001524B6 /* UIView+frameAdd.swift */ = {isa = PBXFileReference; fileEncoding = 4; lastKnownFileType = sourcecode.swift; path = "UIView+frameAdd.swift"; sourceTree = "<group>"; };
		480AC48A1F2B13A6001524B6 /* YSMainTabBarController.swift */ = {isa = PBXFileReference; fileEncoding = 4; lastKnownFileType = sourcecode.swift; path = YSMainTabBarController.swift; sourceTree = "<group>"; };
		480AC49A1F2B2B79001524B6 /* Configs.swift */ = {isa = PBXFileReference; fileEncoding = 4; lastKnownFileType = sourcecode.swift; path = Configs.swift; sourceTree = "<group>"; };
		480AC49C1F2B2C30001524B6 /* YSMainNavigationController.swift */ = {isa = PBXFileReference; fileEncoding = 4; lastKnownFileType = sourcecode.swift; path = YSMainNavigationController.swift; sourceTree = "<group>"; };
		480AC49F1F2B2E3C001524B6 /* bilibili_splash_default@3x.png */ = {isa = PBXFileReference; lastKnownFileType = image.png; path = "bilibili_splash_default@3x.png"; sourceTree = "<group>"; };
		480AC4A11F2B2E44001524B6 /* bilibili_splash_iphone_bg@3x.png */ = {isa = PBXFileReference; lastKnownFileType = image.png; path = "bilibili_splash_iphone_bg@3x.png"; sourceTree = "<group>"; };
		480AC4A41F2B3179001524B6 /* YSBaseViewController.swift */ = {isa = PBXFileReference; fileEncoding = 4; lastKnownFileType = sourcecode.swift; path = YSBaseViewController.swift; sourceTree = "<group>"; };
		480AC4A81F2B32A4001524B6 /* YSMineViewController.swift */ = {isa = PBXFileReference; fileEncoding = 4; lastKnownFileType = sourcecode.swift; path = YSMineViewController.swift; sourceTree = "<group>"; };
		480AC4AA1F2B32C4001524B6 /* YSMineViewModel.swift */ = {isa = PBXFileReference; fileEncoding = 4; lastKnownFileType = sourcecode.swift; path = YSMineViewModel.swift; sourceTree = "<group>"; };
		48175E0B1F2B0C29005A00F1 /* ysbilibili.app */ = {isa = PBXFileReference; explicitFileType = wrapper.application; includeInIndex = 0; path = ysbilibili.app; sourceTree = BUILT_PRODUCTS_DIR; };
		48175E0E1F2B0C29005A00F1 /* AppDelegate.swift */ = {isa = PBXFileReference; lastKnownFileType = sourcecode.swift; path = AppDelegate.swift; sourceTree = "<group>"; };
		48175E131F2B0C29005A00F1 /* Base */ = {isa = PBXFileReference; lastKnownFileType = file.storyboard; name = Base; path = Base.lproj/Main.storyboard; sourceTree = "<group>"; };
		48175E151F2B0C29005A00F1 /* Assets.xcassets */ = {isa = PBXFileReference; lastKnownFileType = folder.assetcatalog; path = Assets.xcassets; sourceTree = "<group>"; };
		48175E181F2B0C29005A00F1 /* Base */ = {isa = PBXFileReference; lastKnownFileType = file.storyboard; name = Base; path = Base.lproj/LaunchScreen.storyboard; sourceTree = "<group>"; };
		48175E1A1F2B0C29005A00F1 /* Info.plist */ = {isa = PBXFileReference; lastKnownFileType = text.plist.xml; path = Info.plist; sourceTree = "<group>"; };
		481E9EF31F34642A00C4DBE4 /* YSZoneItemHeader.swift */ = {isa = PBXFileReference; fileEncoding = 4; lastKnownFileType = sourcecode.swift; path = YSZoneItemHeader.swift; sourceTree = "<group>"; };
		481E9EF51F3465E900C4DBE4 /* YSZoneItemViewModel.swift */ = {isa = PBXFileReference; fileEncoding = 4; lastKnownFileType = sourcecode.swift; path = YSZoneItemViewModel.swift; sourceTree = "<group>"; };
		481E9EF91F3466AF00C4DBE4 /* YSRecommendModel.swift */ = {isa = PBXFileReference; fileEncoding = 4; lastKnownFileType = sourcecode.swift; name = YSRecommendModel.swift; path = Model/YSRecommendModel.swift; sourceTree = "<group>"; };
		481E9EFC1F3470CE00C4DBE4 /* YSGifHeader.swift */ = {isa = PBXFileReference; fileEncoding = 4; lastKnownFileType = sourcecode.swift; path = YSGifHeader.swift; sourceTree = "<group>"; };
		481E9EFE1F3471E200C4DBE4 /* ysbilibili-Bridging-Header.h */ = {isa = PBXFileReference; lastKnownFileType = sourcecode.c.h; path = "ysbilibili-Bridging-Header.h"; sourceTree = "<group>"; };
		482A18E91F3169DB000301F8 /* YSZoneItemViewController.swift */ = {isa = PBXFileReference; fileEncoding = 4; lastKnownFileType = sourcecode.swift; path = YSZoneItemViewController.swift; sourceTree = "<group>"; };
		482C56C11F2ECF3C00225D39 /* YSDynamicViewController.swift */ = {isa = PBXFileReference; fileEncoding = 4; lastKnownFileType = sourcecode.swift; path = YSDynamicViewController.swift; sourceTree = "<group>"; };
		482C56C81F2EF78F00225D39 /* YSZoneViewController.swift */ = {isa = PBXFileReference; fileEncoding = 4; lastKnownFileType = sourcecode.swift; path = YSZoneViewController.swift; sourceTree = "<group>"; };
		482C56CB1F2EF81700225D39 /* YSNavigationBar.swift */ = {isa = PBXFileReference; fileEncoding = 4; lastKnownFileType = sourcecode.swift; path = YSNavigationBar.swift; sourceTree = "<group>"; };
		482C56CD1F2EF94100225D39 /* YSZoneViewModel.swift */ = {isa = PBXFileReference; fileEncoding = 4; lastKnownFileType = sourcecode.swift; path = YSZoneViewModel.swift; sourceTree = "<group>"; };
		482C56CF1F2EFA9100225D39 /* YSZoneModel.swift */ = {isa = PBXFileReference; fileEncoding = 4; lastKnownFileType = sourcecode.swift; path = YSZoneModel.swift; sourceTree = "<group>"; };
		482C56D71F2EFDB900225D39 /* YSZoneCell.swift */ = {isa = PBXFileReference; fileEncoding = 4; lastKnownFileType = sourcecode.swift; path = YSZoneCell.swift; sourceTree = "<group>"; };
		482C56D91F2EFE3400225D39 /* YSNetworkTool.swift */ = {isa = PBXFileReference; fileEncoding = 4; lastKnownFileType = sourcecode.swift; path = YSNetworkTool.swift; sourceTree = "<group>"; };
		482C56DB1F2F009200225D39 /* YSJsonHelper.swift */ = {isa = PBXFileReference; fileEncoding = 4; lastKnownFileType = sourcecode.swift; path = YSJsonHelper.swift; sourceTree = "<group>"; };
		482C56DD1F2F13E300225D39 /* YSZoneDetailViewController.swift */ = {isa = PBXFileReference; fileEncoding = 4; lastKnownFileType = sourcecode.swift; path = YSZoneDetailViewController.swift; sourceTree = "<group>"; };
		4830D4841F305963001E427B /* SlideMenu.swift */ = {isa = PBXFileReference; fileEncoding = 4; lastKnownFileType = sourcecode.swift; path = SlideMenu.swift; sourceTree = "<group>"; };
		4830D4861F306D2A001E427B /* UIGestureRecognizer+ysAdd.swift */ = {isa = PBXFileReference; fileEncoding = 4; lastKnownFileType = sourcecode.swift; path = "UIGestureRecognizer+ysAdd.swift"; sourceTree = "<group>"; };
		4830D4891F306FD8001E427B /* String+ysAdd.swift */ = {isa = PBXFileReference; fileEncoding = 4; lastKnownFileType = sourcecode.swift; path = "String+ysAdd.swift"; sourceTree = "<group>"; };
		48F6512C1F359F1C008F8212 /* YSPlayerRelatesCell.swift */ = {isa = PBXFileReference; fileEncoding = 4; lastKnownFileType = sourcecode.swift; path = YSPlayerRelatesCell.swift; sourceTree = "<group>"; };
		48F6512D1F359F1C008F8212 /* YSPlayerRelatesCell.xib */ = {isa = PBXFileReference; fileEncoding = 4; lastKnownFileType = file.xib; path = YSPlayerRelatesCell.xib; sourceTree = "<group>"; };
		48F651301F35A01B008F8212 /* YSBaseLineCell.swift */ = {isa = PBXFileReference; fileEncoding = 4; lastKnownFileType = sourcecode.swift; path = YSBaseLineCell.swift; sourceTree = "<group>"; };
		48F651341F35A0A9008F8212 /* YSPlayDetailModel.swift */ = {isa = PBXFileReference; fileEncoding = 4; lastKnownFileType = sourcecode.swift; path = YSPlayDetailModel.swift; sourceTree = "<group>"; };
		48F651361F35A191008F8212 /* UIimageView+gifAdd.swift */ = {isa = PBXFileReference; fileEncoding = 4; lastKnownFileType = sourcecode.swift; path = "UIimageView+gifAdd.swift"; sourceTree = "<group>"; };
		48F651381F35A1F3008F8212 /* YSHairLineConstraint.swift */ = {isa = PBXFileReference; fileEncoding = 4; lastKnownFileType = sourcecode.swift; path = YSHairLineConstraint.swift; sourceTree = "<group>"; };
		48F6513A1F35A312008F8212 /* Int+coutdealAdd.swift */ = {isa = PBXFileReference; fileEncoding = 4; lastKnownFileType = sourcecode.swift; path = "Int+coutdealAdd.swift"; sourceTree = "<group>"; };
		48F6513C1F35C0BF008F8212 /* Double+dateAdd.swift */ = {isa = PBXFileReference; fileEncoding = 4; lastKnownFileType = sourcecode.swift; path = "Double+dateAdd.swift"; sourceTree = "<group>"; };
		48F6513E1F35C0F4008F8212 /* Date+timeBucket.swift */ = {isa = PBXFileReference; fileEncoding = 4; lastKnownFileType = sourcecode.swift; path = "Date+timeBucket.swift"; sourceTree = "<group>"; };
		48F651401F35C11C008F8212 /* Int+seasonAdd.swift */ = {isa = PBXFileReference; fileEncoding = 4; lastKnownFileType = sourcecode.swift; path = "Int+seasonAdd.swift"; sourceTree = "<group>"; };
		48F651421F35C13B008F8212 /* Int+levelColorAdd.swift */ = {isa = PBXFileReference; fileEncoding = 4; lastKnownFileType = sourcecode.swift; path = "Int+levelColorAdd.swift"; sourceTree = "<group>"; };
		48F651441F35C18A008F8212 /* UILabel+lastLineAdd.swift */ = {isa = PBXFileReference; fileEncoding = 4; lastKnownFileType = sourcecode.swift; path = "UILabel+lastLineAdd.swift"; sourceTree = "<group>"; };
		48F651471F35C229008F8212 /* SwiftTimer.swift */ = {isa = PBXFileReference; fileEncoding = 4; lastKnownFileType = sourcecode.swift; path = SwiftTimer.swift; sourceTree = "<group>"; };
		48F651491F35C5A1008F8212 /* YSNotificationHelper.swift */ = {isa = PBXFileReference; fileEncoding = 4; lastKnownFileType = sourcecode.swift; path = YSNotificationHelper.swift; sourceTree = "<group>"; };
		48F6515A1F35C844008F8212 /* YSBangumiModel.swift */ = {isa = PBXFileReference; fileEncoding = 4; lastKnownFileType = sourcecode.swift; path = YSBangumiModel.swift; sourceTree = "<group>"; };
		48F6515D1F35C984008F8212 /* YSBilibiliWebViewController.swift */ = {isa = PBXFileReference; fileEncoding = 4; lastKnownFileType = sourcecode.swift; path = YSBilibiliWebViewController.swift; sourceTree = "<group>"; };
		48F6515F1F35CA03008F8212 /* YSHomeViewController.swift */ = {isa = PBXFileReference; fileEncoding = 4; lastKnownFileType = sourcecode.swift; path = YSHomeViewController.swift; sourceTree = "<group>"; };
		B0D146E37321B37E0D5C42EE /* Pods-ysbilibili.debug.xcconfig */ = {isa = PBXFileReference; includeInIndex = 1; lastKnownFileType = text.xcconfig; name = "Pods-ysbilibili.debug.xcconfig"; path = "Pods/Target Support Files/Pods-ysbilibili/Pods-ysbilibili.debug.xcconfig"; sourceTree = "<group>"; };
/* End PBXFileReference section */

/* Begin PBXFrameworksBuildPhase section */
		48175E081F2B0C29005A00F1 /* Frameworks */ = {
			isa = PBXFrameworksBuildPhase;
			buildActionMask = 2147483647;
			files = (
				5937379367D709AC0248AA28 /* Pods_ysbilibili.framework in Frameworks */,
			);
			runOnlyForDeploymentPostprocessing = 0;
		};
/* End PBXFrameworksBuildPhase section */

/* Begin PBXGroup section */
		06601BD99A15473E6ABEF275 /* Frameworks */ = {
			isa = PBXGroup;
			children = (
				0D14DC222EBC77973F8EFED8 /* Pods_ysbilibili.framework */,
			);
			name = Frameworks;
			sourceTree = "<group>";
		};
		480AC47B1F2B12BA001524B6 /* General */ = {
			isa = PBXGroup;
			children = (
				480AC47C1F2B12BA001524B6 /* DispatchQueue+ysAdd.swift */,
				480AC47D1F2B12BA001524B6 /* UIColor+ysAdd.swift */,
				4830D4861F306D2A001E427B /* UIGestureRecognizer+ysAdd.swift */,
				480AC47E1F2B12BA001524B6 /* UIImage+ysAdd.swift */,
				480AC47F1F2B12BA001524B6 /* UITableViewCell+instanceMethod.swift */,
				480AC4801F2B12BA001524B6 /* UIView+captureImage.swift */,
				480AC4811F2B12BA001524B6 /* UIView+frameAdd.swift */,
			);
			path = General;
			sourceTree = "<group>";
		};
		480AC4881F2B1381001524B6 /* Main */ = {
			isa = PBXGroup;
			children = (
				480AC4891F2B1385001524B6 /* Controller */,
				482C56CA1F2EF7CA00225D39 /* View */,
			);
			name = Main;
			path = Mian;
			sourceTree = "<group>";
		};
		480AC4891F2B1385001524B6 /* Controller */ = {
			isa = PBXGroup;
			children = (
				480AC4A41F2B3179001524B6 /* YSBaseViewController.swift */,
				480AC49C1F2B2C30001524B6 /* YSMainNavigationController.swift */,
				480AC48A1F2B13A6001524B6 /* YSMainTabBarController.swift */,
			);
			path = Controller;
			sourceTree = "<group>";
		};
		480AC49E1F2B2DFD001524B6 /* splash */ = {
			isa = PBXGroup;
			children = (
				480AC49F1F2B2E3C001524B6 /* bilibili_splash_default@3x.png */,
				480AC4A11F2B2E44001524B6 /* bilibili_splash_iphone_bg@3x.png */,
			);
			path = splash;
			sourceTree = "<group>";
		};
		480AC4A61F2B327F001524B6 /* Mine */ = {
			isa = PBXGroup;
			children = (
				480AC4A71F2B3285001524B6 /* Controller */,
			);
			path = Mine;
			sourceTree = "<group>";
		};
		480AC4A71F2B3285001524B6 /* Controller */ = {
			isa = PBXGroup;
			children = (
				480AC4A81F2B32A4001524B6 /* YSMineViewController.swift */,
				480AC4AA1F2B32C4001524B6 /* YSMineViewModel.swift */,
			);
			path = Controller;
			sourceTree = "<group>";
		};
		48175E021F2B0C29005A00F1 = {
			isa = PBXGroup;
			children = (
				06601BD99A15473E6ABEF275 /* Frameworks */,
				55641C68419E32CC21A3B544 /* Pods */,
				48175E0C1F2B0C29005A00F1 /* Products */,
				48175E0D1F2B0C29005A00F1 /* ysbilibili */,
			);
			sourceTree = "<group>";
		};
		48175E0C1F2B0C29005A00F1 /* Products */ = {
			isa = PBXGroup;
			children = (
				48175E0B1F2B0C29005A00F1 /* ysbilibili.app */,
			);
			name = Products;
			sourceTree = "<group>";
		};
		48175E0D1F2B0C29005A00F1 /* ysbilibili */ = {
			isa = PBXGroup;
			children = (
				48175E251F2B0C63005A00F1 /* Classes */,
				48175E271F2B0C85005A00F1 /* Expand */,
				48175E211F2B0C4C005A00F1 /* Libs */,
				48175E261F2B0C7F005A00F1 /* Resources */,
				48175E0E1F2B0C29005A00F1 /* AppDelegate.swift */,
				48175E151F2B0C29005A00F1 /* Assets.xcassets */,
				48175E1A1F2B0C29005A00F1 /* Info.plist */,
				48175E171F2B0C29005A00F1 /* LaunchScreen.storyboard */,
				48175E121F2B0C29005A00F1 /* Main.storyboard */,
				481E9EFE1F3471E200C4DBE4 /* ysbilibili-Bridging-Header.h */,
			);
			path = ysbilibili;
			sourceTree = "<group>";
		};
		48175E201F2B0C3A005A00F1 /* CustomUI */ = {
			isa = PBXGroup;
			children = (
				48F651461F35C21A008F8212 /* Timer */,
				4830D4841F305963001E427B /* SlideMenu.swift */,
				481E9EFC1F3470CE00C4DBE4 /* YSGifHeader.swift */,
				48F651381F35A1F3008F8212 /* YSHairLineConstraint.swift */,
			);
			path = CustomUI;
			sourceTree = "<group>";
		};
		48175E211F2B0C4C005A00F1 /* Libs */ = {
			isa = PBXGroup;
			children = (
			);
			path = Libs;
			sourceTree = "<group>";
		};
		48175E221F2B0C53005A00F1 /* Helpers */ = {
			isa = PBXGroup;
			children = (
				48F651491F35C5A1008F8212 /* YSNotificationHelper.swift */,
				480AC4791F2B1293001524B6 /* HairLineConstraint.swift */,
				480AC4771F2B1288001524B6 /* YSFPSStatus.swift */,
				482C56DB1F2F009200225D39 /* YSJsonHelper.swift */,
				482C56D91F2EFE3400225D39 /* YSNetworkTool.swift */,
			);
			path = Helpers;
			sourceTree = "<group>";
		};
		48175E231F2B0C58005A00F1 /* Configs */ = {
			isa = PBXGroup;
			children = (
				480AC49A1F2B2B79001524B6 /* Configs.swift */,
			);
			path = Configs;
			sourceTree = "<group>";
		};
		48175E241F2B0C5D005A00F1 /* Extensions */ = {
			isa = PBXGroup;
			children = (
				480AC47B1F2B12BA001524B6 /* General */,
				48F6513A1F35A312008F8212 /* Int+coutdealAdd.swift */,
				4830D4891F306FD8001E427B /* String+ysAdd.swift */,
				48F651361F35A191008F8212 /* UIimageView+gifAdd.swift */,
				48F6513C1F35C0BF008F8212 /* Double+dateAdd.swift */,
				48F6513E1F35C0F4008F8212 /* Date+timeBucket.swift */,
				48F651401F35C11C008F8212 /* Int+seasonAdd.swift */,
				48F651421F35C13B008F8212 /* Int+levelColorAdd.swift */,
				48F651441F35C18A008F8212 /* UILabel+lastLineAdd.swift */,
			);
			path = Extensions;
			sourceTree = "<group>";
		};
		48175E251F2B0C63005A00F1 /* Classes */ = {
			isa = PBXGroup;
			children = (
				481E9EF71F34667500C4DBE4 /* Home */,
				48F651321F35A094008F8212 /* Player */,
				482C56C31F2EF76300225D39 /* Zone */,
				482C56C01F2ECEF100225D39 /* Dynamic */,
				480AC4A61F2B327F001524B6 /* Mine */,
				480AC4881F2B1381001524B6 /* Main */,
				48F6515C1F35C961008F8212 /* WebView */,
			);
			path = Classes;
			sourceTree = "<group>";
		};
		48175E261F2B0C7F005A00F1 /* Resources */ = {
			isa = PBXGroup;
			children = (
				480AC49E1F2B2DFD001524B6 /* splash */,
			);
			path = Resources;
			sourceTree = "<group>";
		};
		48175E271F2B0C85005A00F1 /* Expand */ = {
			isa = PBXGroup;
			children = (
				48175E231F2B0C58005A00F1 /* Configs */,
				48175E201F2B0C3A005A00F1 /* CustomUI */,
				48175E241F2B0C5D005A00F1 /* Extensions */,
				48175E221F2B0C53005A00F1 /* Helpers */,
				48175E2A1F2B0CB9005A00F1 /* Tools */,
			);
			path = Expand;
			sourceTree = "<group>";
		};
		48175E2A1F2B0CB9005A00F1 /* Tools */ = {
			isa = PBXGroup;
			children = (
			);
			path = Tools;
			sourceTree = "<group>";
		};
		481E9EF71F34667500C4DBE4 /* Home */ = {
			isa = PBXGroup;
			children = (
				481E9EFB1F346A6C00C4DBE4 /* View */,
				48F6514D1F35C7B4008F8212 /* Recommend */,
				48F6514C1F35C7AE008F8212 /* Bangumi */,
				48F6514B1F35C79E008F8212 /* Live */,
				48F6515F1F35CA03008F8212 /* YSHomeViewController.swift */,
			);
			path = Home;
			sourceTree = "<group>";
		};
		481E9EFB1F346A6C00C4DBE4 /* View */ = {
			isa = PBXGroup;
			children = (
				48F6512C1F359F1C008F8212 /* YSPlayerRelatesCell.swift */,
				48F6512D1F359F1C008F8212 /* YSPlayerRelatesCell.xib */,
			);
			path = View;
			sourceTree = "<group>";
		};
		482C56C01F2ECEF100225D39 /* Dynamic */ = {
			isa = PBXGroup;
			children = (
				482C56C11F2ECF3C00225D39 /* YSDynamicViewController.swift */,
			);
			path = Dynamic;
			sourceTree = "<group>";
		};
		482C56C31F2EF76300225D39 /* Zone */ = {
			isa = PBXGroup;
			children = (
				482C56C41F2EF76900225D39 /* Controller */,
				482C56C71F2EF77700225D39 /* Model */,
				482C56C51F2EF76E00225D39 /* View */,
				482C56C61F2EF77200225D39 /* ViewModel */,
			);
			path = Zone;
			sourceTree = "<group>";
		};
		482C56C41F2EF76900225D39 /* Controller */ = {
			isa = PBXGroup;
			children = (
				482C56DD1F2F13E300225D39 /* YSZoneDetailViewController.swift */,
				482A18E91F3169DB000301F8 /* YSZoneItemViewController.swift */,
				482C56C81F2EF78F00225D39 /* YSZoneViewController.swift */,
			);
			path = Controller;
			sourceTree = "<group>";
		};
		482C56C51F2EF76E00225D39 /* View */ = {
			isa = PBXGroup;
			children = (
				482C56D71F2EFDB900225D39 /* YSZoneCell.swift */,
				481E9EF31F34642A00C4DBE4 /* YSZoneItemHeader.swift */,
			);
			path = View;
			sourceTree = "<group>";
		};
		482C56C61F2EF77200225D39 /* ViewModel */ = {
			isa = PBXGroup;
			children = (
				481E9EF51F3465E900C4DBE4 /* YSZoneItemViewModel.swift */,
				482C56CD1F2EF94100225D39 /* YSZoneViewModel.swift */,
			);
			path = ViewModel;
			sourceTree = "<group>";
		};
		482C56C71F2EF77700225D39 /* Model */ = {
			isa = PBXGroup;
			children = (
				482C56CF1F2EFA9100225D39 /* YSZoneModel.swift */,
			);
			path = Model;
			sourceTree = "<group>";
		};
		482C56CA1F2EF7CA00225D39 /* View */ = {
			isa = PBXGroup;
			children = (
				48F651301F35A01B008F8212 /* YSBaseLineCell.swift */,
				482C56CB1F2EF81700225D39 /* YSNavigationBar.swift */,
			);
			path = View;
			sourceTree = "<group>";
		};
		48F651321F35A094008F8212 /* Player */ = {
			isa = PBXGroup;
			children = (
				48F651331F35A099008F8212 /* Model */,
			);
			path = Player;
			sourceTree = "<group>";
		};
		48F651331F35A099008F8212 /* Model */ = {
			isa = PBXGroup;
			children = (
				48F651341F35A0A9008F8212 /* YSPlayDetailModel.swift */,
			);
			path = Model;
			sourceTree = "<group>";
		};
		48F651461F35C21A008F8212 /* Timer */ = {
			isa = PBXGroup;
			children = (
				48F651471F35C229008F8212 /* SwiftTimer.swift */,
			);
			name = Timer;
			sourceTree = "<group>";
		};
		48F6514B1F35C79E008F8212 /* Live */ = {
			isa = PBXGroup;
			children = (
				48F651591F35C7F2008F8212 /* Model */,
				48F651571F35C7EB008F8212 /* View */,
				48F651551F35C7E3008F8212 /* ViewModel */,
				48F651531F35C7DB008F8212 /* Controller */,
			);
			name = Live;
			sourceTree = "<group>";
		};
		48F6514C1F35C7AE008F8212 /* Bangumi */ = {
			isa = PBXGroup;
			children = (
				48F651511F35C7CB008F8212 /* Controller */,
				48F651501F35C7C6008F8212 /* ViewModel */,
				48F6514F1F35C7C2008F8212 /* View */,
				48F6514E1F35C7BD008F8212 /* Model */,
			);
			name = Bangumi;
			sourceTree = "<group>";
		};
		48F6514D1F35C7B4008F8212 /* Recommend */ = {
			isa = PBXGroup;
			children = (
				48F651581F35C7EF008F8212 /* Model */,
				48F651561F35C7E8008F8212 /* View */,
				48F651541F35C7E0008F8212 /* ViewModel */,
				48F651521F35C7D7008F8212 /* Controller */,
			);
			name = Recommend;
			sourceTree = "<group>";
		};
		48F6514E1F35C7BD008F8212 /* Model */ = {
			isa = PBXGroup;
			children = (
				48F6515A1F35C844008F8212 /* YSBangumiModel.swift */,
			);
			name = Model;
			sourceTree = "<group>";
		};
		48F6514F1F35C7C2008F8212 /* View */ = {
			isa = PBXGroup;
			children = (
			);
			name = View;
			sourceTree = "<group>";
		};
		48F651501F35C7C6008F8212 /* ViewModel */ = {
			isa = PBXGroup;
			children = (
			);
			name = ViewModel;
			sourceTree = "<group>";
		};
		48F651511F35C7CB008F8212 /* Controller */ = {
			isa = PBXGroup;
			children = (
			);
			name = Controller;
			sourceTree = "<group>";
		};
		48F651521F35C7D7008F8212 /* Controller */ = {
			isa = PBXGroup;
			children = (
			);
			name = Controller;
			sourceTree = "<group>";
		};
		48F651531F35C7DB008F8212 /* Controller */ = {
			isa = PBXGroup;
			children = (
			);
			name = Controller;
			sourceTree = "<group>";
		};
		48F651541F35C7E0008F8212 /* ViewModel */ = {
			isa = PBXGroup;
			children = (
			);
			name = ViewModel;
			sourceTree = "<group>";
		};
		48F651551F35C7E3008F8212 /* ViewModel */ = {
			isa = PBXGroup;
			children = (
			);
			name = ViewModel;
			sourceTree = "<group>";
		};
		48F651561F35C7E8008F8212 /* View */ = {
			isa = PBXGroup;
			children = (
			);
			name = View;
			sourceTree = "<group>";
		};
		48F651571F35C7EB008F8212 /* View */ = {
			isa = PBXGroup;
			children = (
			);
			name = View;
			sourceTree = "<group>";
		};
		48F651581F35C7EF008F8212 /* Model */ = {
			isa = PBXGroup;
			children = (
				481E9EF91F3466AF00C4DBE4 /* YSRecommendModel.swift */,
			);
			name = Model;
			sourceTree = "<group>";
		};
		48F651591F35C7F2008F8212 /* Model */ = {
			isa = PBXGroup;
			children = (
			);
			name = Model;
			sourceTree = "<group>";
		};
		48F6515C1F35C961008F8212 /* WebView */ = {
			isa = PBXGroup;
			children = (
				48F6515D1F35C984008F8212 /* YSBilibiliWebViewController.swift */,
			);
			name = WebView;
			sourceTree = "<group>";
		};
		55641C68419E32CC21A3B544 /* Pods */ = {
			isa = PBXGroup;
			children = (
				B0D146E37321B37E0D5C42EE /* Pods-ysbilibili.debug.xcconfig */,
				182094C9B13A576FC7BE7458 /* Pods-ysbilibili.release.xcconfig */,
			);
			name = Pods;
			sourceTree = "<group>";
		};
/* End PBXGroup section */

/* Begin PBXNativeTarget section */
		48175E0A1F2B0C29005A00F1 /* ysbilibili */ = {
			isa = PBXNativeTarget;
			buildConfigurationList = 48175E1D1F2B0C29005A00F1 /* Build configuration list for PBXNativeTarget "ysbilibili" */;
			buildPhases = (
				80D273C5AE446B4B401F9ED2 /* [CP] Check Pods Manifest.lock */,
				48175E071F2B0C29005A00F1 /* Sources */,
				48175E081F2B0C29005A00F1 /* Frameworks */,
				48175E091F2B0C29005A00F1 /* Resources */,
				C7736BE8BC519D63B74600F5 /* [CP] Embed Pods Frameworks */,
				465C5A8E69F906AEBFA95E91 /* [CP] Copy Pods Resources */,
			);
			buildRules = (
			);
			dependencies = (
			);
			name = ysbilibili;
			productName = ysbilibili;
			productReference = 48175E0B1F2B0C29005A00F1 /* ysbilibili.app */;
			productType = "com.apple.product-type.application";
		};
/* End PBXNativeTarget section */

/* Begin PBXProject section */
		48175E031F2B0C29005A00F1 /* Project object */ = {
			isa = PBXProject;
			attributes = {
				CLASSPREFIX = YS;
				LastSwiftUpdateCheck = 0830;
				LastUpgradeCheck = 0830;
				ORGANIZATIONNAME = YangShen;
				TargetAttributes = {
					48175E0A1F2B0C29005A00F1 = {
						CreatedOnToolsVersion = 8.3.2;
						LastSwiftMigration = 0830;
						ProvisioningStyle = Automatic;
					};
				};
			};
			buildConfigurationList = 48175E061F2B0C29005A00F1 /* Build configuration list for PBXProject "ysbilibili" */;
			compatibilityVersion = "Xcode 3.2";
			developmentRegion = English;
			hasScannedForEncodings = 0;
			knownRegions = (
				en,
				Base,
			);
			mainGroup = 48175E021F2B0C29005A00F1;
			productRefGroup = 48175E0C1F2B0C29005A00F1 /* Products */;
			projectDirPath = "";
			projectRoot = "";
			targets = (
				48175E0A1F2B0C29005A00F1 /* ysbilibili */,
			);
		};
/* End PBXProject section */

/* Begin PBXResourcesBuildPhase section */
		48175E091F2B0C29005A00F1 /* Resources */ = {
			isa = PBXResourcesBuildPhase;
			buildActionMask = 2147483647;
			files = (
				48175E191F2B0C29005A00F1 /* LaunchScreen.storyboard in Resources */,
				480AC4A21F2B2E44001524B6 /* bilibili_splash_iphone_bg@3x.png in Resources */,
				48175E161F2B0C29005A00F1 /* Assets.xcassets in Resources */,
				480AC4A01F2B2E3C001524B6 /* bilibili_splash_default@3x.png in Resources */,
				48175E141F2B0C29005A00F1 /* Main.storyboard in Resources */,
				48F6512F1F359F1C008F8212 /* YSPlayerRelatesCell.xib in Resources */,
			);
			runOnlyForDeploymentPostprocessing = 0;
		};
/* End PBXResourcesBuildPhase section */

/* Begin PBXShellScriptBuildPhase section */
		465C5A8E69F906AEBFA95E91 /* [CP] Copy Pods Resources */ = {
			isa = PBXShellScriptBuildPhase;
			buildActionMask = 2147483647;
			files = (
			);
			inputPaths = (
			);
			name = "[CP] Copy Pods Resources";
			outputPaths = (
			);
			runOnlyForDeploymentPostprocessing = 0;
			shellPath = /bin/sh;
			shellScript = "\"${SRCROOT}/Pods/Target Support Files/Pods-ysbilibili/Pods-ysbilibili-resources.sh\"\n";
			showEnvVarsInLog = 0;
		};
		80D273C5AE446B4B401F9ED2 /* [CP] Check Pods Manifest.lock */ = {
			isa = PBXShellScriptBuildPhase;
			buildActionMask = 2147483647;
			files = (
			);
			inputPaths = (
			);
			name = "[CP] Check Pods Manifest.lock";
			outputPaths = (
			);
			runOnlyForDeploymentPostprocessing = 0;
			shellPath = /bin/sh;
			shellScript = "diff \"${PODS_PODFILE_DIR_PATH}/Podfile.lock\" \"${PODS_ROOT}/Manifest.lock\" > /dev/null\nif [ $? != 0 ] ; then\n    # print error to STDERR\n    echo \"error: The sandbox is not in sync with the Podfile.lock. Run 'pod install' or update your CocoaPods installation.\" >&2\n    exit 1\nfi\n";
			showEnvVarsInLog = 0;
		};
		C7736BE8BC519D63B74600F5 /* [CP] Embed Pods Frameworks */ = {
			isa = PBXShellScriptBuildPhase;
			buildActionMask = 2147483647;
			files = (
			);
			inputPaths = (
			);
			name = "[CP] Embed Pods Frameworks";
			outputPaths = (
			);
			runOnlyForDeploymentPostprocessing = 0;
			shellPath = /bin/sh;
			shellScript = "\"${SRCROOT}/Pods/Target Support Files/Pods-ysbilibili/Pods-ysbilibili-frameworks.sh\"\n";
			showEnvVarsInLog = 0;
		};
/* End PBXShellScriptBuildPhase section */

/* Begin PBXSourcesBuildPhase section */
		48175E071F2B0C29005A00F1 /* Sources */ = {
			isa = PBXSourcesBuildPhase;
			buildActionMask = 2147483647;
			files = (
				4830D48A1F306FD8001E427B /* String+ysAdd.swift in Sources */,
				48F6513D1F35C0BF008F8212 /* Double+dateAdd.swift in Sources */,
				480AC48B1F2B13A6001524B6 /* YSMainTabBarController.swift in Sources */,
				482C56D81F2EFDB900225D39 /* YSZoneCell.swift in Sources */,
				482C56DC1F2F009200225D39 /* YSJsonHelper.swift in Sources */,
				48F651411F35C11C008F8212 /* Int+seasonAdd.swift in Sources */,
				480AC47A1F2B1293001524B6 /* HairLineConstraint.swift in Sources */,
				48F6513F1F35C0F4008F8212 /* Date+timeBucket.swift in Sources */,
				48F6515E1F35C984008F8212 /* YSBilibiliWebViewController.swift in Sources */,
				48F651601F35CA03008F8212 /* YSHomeViewController.swift in Sources */,
				480AC4851F2B12BA001524B6 /* UITableViewCell+instanceMethod.swift in Sources */,
				480AC4AB1F2B32C4001524B6 /* YSMineViewModel.swift in Sources */,
				482C56C91F2EF78F00225D39 /* YSZoneViewController.swift in Sources */,
				482C56D01F2EFA9100225D39 /* YSZoneModel.swift in Sources */,
				481E9EF41F34642A00C4DBE4 /* YSZoneItemHeader.swift in Sources */,
				480AC4821F2B12BA001524B6 /* DispatchQueue+ysAdd.swift in Sources */,
				481E9EFA1F3466AF00C4DBE4 /* YSRecommendModel.swift in Sources */,
				48F651451F35C18A008F8212 /* UILabel+lastLineAdd.swift in Sources */,
				481E9EF61F3465E900C4DBE4 /* YSZoneItemViewModel.swift in Sources */,
				48F651481F35C229008F8212 /* SwiftTimer.swift in Sources */,
				480AC4831F2B12BA001524B6 /* UIColor+ysAdd.swift in Sources */,
				48175E0F1F2B0C29005A00F1 /* AppDelegate.swift in Sources */,
				48F651351F35A0A9008F8212 /* YSPlayDetailModel.swift in Sources */,
				480AC4781F2B1288001524B6 /* YSFPSStatus.swift in Sources */,
				482C56C21F2ECF3C00225D39 /* YSDynamicViewController.swift in Sources */,
				480AC4A51F2B3179001524B6 /* YSBaseViewController.swift in Sources */,
				4830D4851F305963001E427B /* SlideMenu.swift in Sources */,
				48F6515B1F35C844008F8212 /* YSBangumiModel.swift in Sources */,
				48F6512E1F359F1C008F8212 /* YSPlayerRelatesCell.swift in Sources */,
				48F6514A1F35C5A1008F8212 /* YSNotificationHelper.swift in Sources */,
				4830D4871F306D2A001E427B /* UIGestureRecognizer+ysAdd.swift in Sources */,
				48F651391F35A1F3008F8212 /* YSHairLineConstraint.swift in Sources */,
				48F651431F35C13B008F8212 /* Int+levelColorAdd.swift in Sources */,
				480AC4871F2B12BA001524B6 /* UIView+frameAdd.swift in Sources */,
				482C56DA1F2EFE3400225D39 /* YSNetworkTool.swift in Sources */,
				482A18EA1F3169DB000301F8 /* YSZoneItemViewController.swift in Sources */,
				48F651371F35A191008F8212 /* UIimageView+gifAdd.swift in Sources */,
				48F651311F35A01B008F8212 /* YSBaseLineCell.swift in Sources */,
				481E9EFD1F3470CE00C4DBE4 /* YSGifHeader.swift in Sources */,
				480AC49D1F2B2C30001524B6 /* YSMainNavigationController.swift in Sources */,
				482C56CC1F2EF81700225D39 /* YSNavigationBar.swift in Sources */,
				482C56DE1F2F13E300225D39 /* YSZoneDetailViewController.swift in Sources */,
				480AC4841F2B12BA001524B6 /* UIImage+ysAdd.swift in Sources */,
				480AC4A91F2B32A4001524B6 /* YSMineViewController.swift in Sources */,
				48F6513B1F35A312008F8212 /* Int+coutdealAdd.swift in Sources */,
				480AC4861F2B12BA001524B6 /* UIView+captureImage.swift in Sources */,
				480AC49B1F2B2B79001524B6 /* Configs.swift in Sources */,
				482C56CE1F2EF94100225D39 /* YSZoneViewModel.swift in Sources */,
			);
			runOnlyForDeploymentPostprocessing = 0;
		};
/* End PBXSourcesBuildPhase section */

/* Begin PBXVariantGroup section */
		48175E121F2B0C29005A00F1 /* Main.storyboard */ = {
			isa = PBXVariantGroup;
			children = (
				48175E131F2B0C29005A00F1 /* Base */,
			);
			name = Main.storyboard;
			path = .;
			sourceTree = "<group>";
		};
		48175E171F2B0C29005A00F1 /* LaunchScreen.storyboard */ = {
			isa = PBXVariantGroup;
			children = (
				48175E181F2B0C29005A00F1 /* Base */,
			);
			name = LaunchScreen.storyboard;
			path = .;
			sourceTree = "<group>";
		};
/* End PBXVariantGroup section */

/* Begin XCBuildConfiguration section */
		48175E1B1F2B0C29005A00F1 /* Debug */ = {
			isa = XCBuildConfiguration;
			buildSettings = {
				ALWAYS_SEARCH_USER_PATHS = NO;
				CLANG_ANALYZER_NONNULL = YES;
				CLANG_ANALYZER_NUMBER_OBJECT_CONVERSION = YES_AGGRESSIVE;
				CLANG_CXX_LANGUAGE_STANDARD = "gnu++0x";
				CLANG_CXX_LIBRARY = "libc++";
				CLANG_ENABLE_MODULES = YES;
				CLANG_ENABLE_OBJC_ARC = YES;
				CLANG_WARN_BOOL_CONVERSION = YES;
				CLANG_WARN_CONSTANT_CONVERSION = YES;
				CLANG_WARN_DIRECT_OBJC_ISA_USAGE = YES_ERROR;
				CLANG_WARN_DOCUMENTATION_COMMENTS = YES;
				CLANG_WARN_EMPTY_BODY = YES;
				CLANG_WARN_ENUM_CONVERSION = YES;
				CLANG_WARN_INFINITE_RECURSION = YES;
				CLANG_WARN_INT_CONVERSION = YES;
				CLANG_WARN_OBJC_ROOT_CLASS = YES_ERROR;
				CLANG_WARN_SUSPICIOUS_MOVE = YES;
				CLANG_WARN_UNREACHABLE_CODE = YES;
				CLANG_WARN__DUPLICATE_METHOD_MATCH = YES;
				"CODE_SIGN_IDENTITY[sdk=iphoneos*]" = "iPhone Developer";
				COPY_PHASE_STRIP = NO;
				DEBUG_INFORMATION_FORMAT = dwarf;
				ENABLE_STRICT_OBJC_MSGSEND = YES;
				ENABLE_TESTABILITY = YES;
				GCC_C_LANGUAGE_STANDARD = gnu99;
				GCC_DYNAMIC_NO_PIC = NO;
				GCC_NO_COMMON_BLOCKS = YES;
				GCC_OPTIMIZATION_LEVEL = 0;
				GCC_PREPROCESSOR_DEFINITIONS = (
					"DEBUG=1",
					"$(inherited)",
				);
				GCC_WARN_64_TO_32_BIT_CONVERSION = YES;
				GCC_WARN_ABOUT_RETURN_TYPE = YES_ERROR;
				GCC_WARN_UNDECLARED_SELECTOR = YES;
				GCC_WARN_UNINITIALIZED_AUTOS = YES_AGGRESSIVE;
				GCC_WARN_UNUSED_FUNCTION = YES;
				GCC_WARN_UNUSED_VARIABLE = YES;
				IPHONEOS_DEPLOYMENT_TARGET = 10.3;
				MTL_ENABLE_DEBUG_INFO = YES;
				ONLY_ACTIVE_ARCH = YES;
				SDKROOT = iphoneos;
				SWIFT_ACTIVE_COMPILATION_CONDITIONS = DEBUG;
				SWIFT_OPTIMIZATION_LEVEL = "-Onone";
			};
			name = Debug;
		};
		48175E1C1F2B0C29005A00F1 /* Release */ = {
			isa = XCBuildConfiguration;
			buildSettings = {
				ALWAYS_SEARCH_USER_PATHS = NO;
				CLANG_ANALYZER_NONNULL = YES;
				CLANG_ANALYZER_NUMBER_OBJECT_CONVERSION = YES_AGGRESSIVE;
				CLANG_CXX_LANGUAGE_STANDARD = "gnu++0x";
				CLANG_CXX_LIBRARY = "libc++";
				CLANG_ENABLE_MODULES = YES;
				CLANG_ENABLE_OBJC_ARC = YES;
				CLANG_WARN_BOOL_CONVERSION = YES;
				CLANG_WARN_CONSTANT_CONVERSION = YES;
				CLANG_WARN_DIRECT_OBJC_ISA_USAGE = YES_ERROR;
				CLANG_WARN_DOCUMENTATION_COMMENTS = YES;
				CLANG_WARN_EMPTY_BODY = YES;
				CLANG_WARN_ENUM_CONVERSION = YES;
				CLANG_WARN_INFINITE_RECURSION = YES;
				CLANG_WARN_INT_CONVERSION = YES;
				CLANG_WARN_OBJC_ROOT_CLASS = YES_ERROR;
				CLANG_WARN_SUSPICIOUS_MOVE = YES;
				CLANG_WARN_UNREACHABLE_CODE = YES;
				CLANG_WARN__DUPLICATE_METHOD_MATCH = YES;
				"CODE_SIGN_IDENTITY[sdk=iphoneos*]" = "iPhone Developer";
				COPY_PHASE_STRIP = NO;
				DEBUG_INFORMATION_FORMAT = "dwarf-with-dsym";
				ENABLE_NS_ASSERTIONS = NO;
				ENABLE_STRICT_OBJC_MSGSEND = YES;
				GCC_C_LANGUAGE_STANDARD = gnu99;
				GCC_NO_COMMON_BLOCKS = YES;
				GCC_WARN_64_TO_32_BIT_CONVERSION = YES;
				GCC_WARN_ABOUT_RETURN_TYPE = YES_ERROR;
				GCC_WARN_UNDECLARED_SELECTOR = YES;
				GCC_WARN_UNINITIALIZED_AUTOS = YES_AGGRESSIVE;
				GCC_WARN_UNUSED_FUNCTION = YES;
				GCC_WARN_UNUSED_VARIABLE = YES;
				IPHONEOS_DEPLOYMENT_TARGET = 10.3;
				MTL_ENABLE_DEBUG_INFO = NO;
				SDKROOT = iphoneos;
				SWIFT_OPTIMIZATION_LEVEL = "-Owholemodule";
				VALIDATE_PRODUCT = YES;
			};
			name = Release;
		};
		48175E1E1F2B0C29005A00F1 /* Debug */ = {
			isa = XCBuildConfiguration;
			baseConfigurationReference = B0D146E37321B37E0D5C42EE /* Pods-ysbilibili.debug.xcconfig */;
			buildSettings = {
				ASSETCATALOG_COMPILER_APPICON_NAME = AppIcon;
				CLANG_ENABLE_MODULES = YES;
				FRAMEWORK_SEARCH_PATHS = (
					"$(inherited)",
					"$(PROJECT_DIR)/ysbilibili",
				);
				INFOPLIST_FILE = ysbilibili/Info.plist;
				IPHONEOS_DEPLOYMENT_TARGET = 9.0;
				LD_RUNPATH_SEARCH_PATHS = "$(inherited) @executable_path/Frameworks";
				PRODUCT_BUNDLE_IDENTIFIER = YangShen.ysbilibili;
				PRODUCT_NAME = "$(TARGET_NAME)";
				SWIFT_OBJC_BRIDGING_HEADER = "ysbilibili/ysbilibili-Bridging-Header.h";
				SWIFT_OPTIMIZATION_LEVEL = "-Onone";
				SWIFT_VERSION = 3.0;
				USER_HEADER_SEARCH_PATHS = "${SRCROOT}/**";
			};
			name = Debug;
		};
		48175E1F1F2B0C29005A00F1 /* Release */ = {
			isa = XCBuildConfiguration;
			baseConfigurationReference = 182094C9B13A576FC7BE7458 /* Pods-ysbilibili.release.xcconfig */;
			buildSettings = {
				ASSETCATALOG_COMPILER_APPICON_NAME = AppIcon;
				CLANG_ENABLE_MODULES = YES;
				FRAMEWORK_SEARCH_PATHS = (
					"$(inherited)",
					"$(PROJECT_DIR)/ysbilibili",
				);
				INFOPLIST_FILE = ysbilibili/Info.plist;
				IPHONEOS_DEPLOYMENT_TARGET = 9.0;
				LD_RUNPATH_SEARCH_PATHS = "$(inherited) @executable_path/Frameworks";
				PRODUCT_BUNDLE_IDENTIFIER = YangShen.ysbilibili;
				PRODUCT_NAME = "$(TARGET_NAME)";
				SWIFT_OBJC_BRIDGING_HEADER = "ysbilibili/ysbilibili-Bridging-Header.h";
				SWIFT_VERSION = 3.0;
				USER_HEADER_SEARCH_PATHS = "${SRCROOT}/**";
			};
			name = Release;
		};
/* End XCBuildConfiguration section */

/* Begin XCConfigurationList section */
		48175E061F2B0C29005A00F1 /* Build configuration list for PBXProject "ysbilibili" */ = {
			isa = XCConfigurationList;
			buildConfigurations = (
				48175E1B1F2B0C29005A00F1 /* Debug */,
				48175E1C1F2B0C29005A00F1 /* Release */,
			);
			defaultConfigurationIsVisible = 0;
			defaultConfigurationName = Release;
		};
		48175E1D1F2B0C29005A00F1 /* Build configuration list for PBXNativeTarget "ysbilibili" */ = {
			isa = XCConfigurationList;
			buildConfigurations = (
				48175E1E1F2B0C29005A00F1 /* Debug */,
				48175E1F1F2B0C29005A00F1 /* Release */,
			);
			defaultConfigurationIsVisible = 0;
			defaultConfigurationName = Release;
		};
/* End XCConfigurationList section */
	};
	rootObject = 48175E031F2B0C29005A00F1 /* Project object */;
}
